PODS:
  - Alamofire (4.9.1)
  - HTMLReader (2.1.4)
  - SwiftyJSON (5.0.0)

DEPENDENCIES:
  - Alamofire
  - HTMLReader
  - SwiftyJSON

SPEC REPOS:
  trunk:
    - Alamofire
    - HTMLReader
    - SwiftyJSON

SPEC CHECKSUMS:
  Alamofire: 85e8a02c69d6020a0d734f6054870d7ecb75cf18
  HTMLReader: 2fc5ccf6a041b7070d9b43b101034cba63d2ae2a
  SwiftyJSON: 36413e04c44ee145039d332b4f4e2d3e8d6c4db7

PODFILE CHECKSUM: 8fcac414ec4afc03a61520fb3e3bb5e2376ef4a9

COCOAPODS: 1.8.4
